Microsoft Visual Studio Solution File, Format Version 12.00
# Visual Studio Version 17
VisualStudioVersion = 17.5.2.0
MinimumVisualStudioVersion = 10.0.40219.1
Project("{FAE04EC0-301F-11D3-BF4B-00C04F79EFBC}") = "WordParser", "WordParser.csproj", "{C9401C5A-52A4-B508-4B1E-7B35EEBF0F28}"
EndProject
Global
	GlobalSection(SolutionConfigurationPlatforms) = preSolution
		Debug|Any CPU = Debug|Any CPU
		Release|Any CPU = Release|Any CPU
	EndGlobalSection
	GlobalSection(ProjectConfigurationPlatforms) = postSolution
		{C9401C5A-52A4-B508-4B1E-7B35EEBF0F28}.Debug|Any CPU.ActiveCfg = Debug|Any CPU
		{C9401C5A-52A4-B508-4B1E-7B35EEBF0F28}.Debug|Any CPU.Build.0 = Debug|Any CPU
		{C9401C5A-52A4-B508-4B1E-7B35EEBF0F28}.Release|Any CPU.ActiveCfg = Release|Any CPU
		{C9401C5A-52A4-B508-4B1E-7B35EEBF0F28}.Release|Any CPU.Build.0 = Release|Any CPU
	EndGlobalSection
	GlobalSection(SolutionProperties) = preSolution
		HideSolutionNode = FALSE
	EndGlobalSection
	GlobalSection(ExtensibilityGlobals) = postSolution
		SolutionGuid = {2E819466-E646-41FA-98E1-A7434C3C447E}
	EndGlobalSection
EndGlobal
